
Microsoft Visual Studio Solution File, Format Version 12.00
# Visual Studio Version 17
VisualStudioVersion = 17.9.34616.47
MinimumVisualStudioVersion = 10.0.40219.1
Project("{2150E333-8FDC-42A3-9474-1A3956D46DE8}") = "BinarySerach", "BinarySerach", "{E7BEF4B5-1839-40A0-B0A9-21557686BBBA}"
EndProject
Project("{FAE04EC0-301F-11D3-BF4B-00C04F79EFBC}") = "BinarySearch", "src\BinarySearch\BinarySearch.csproj", "{05C06B46-7A76-4EF7-933C-A64938BD6566}"
EndProject
Global
	GlobalSection(SolutionConfigurationPlatforms) = preSolution
		Debug|Any CPU = Debug|Any CPU
		Release|Any CPU = Release|Any CPU
	EndGlobalSection
	GlobalSection(ProjectConfigurationPlatforms) = postSolution
		{05C06B46-7A76-4EF7-933C-A64938BD6566}.Debug|Any CPU.ActiveCfg = Debug|Any CPU
		{05C06B46-7A76-4EF7-933C-A64938BD6566}.Debug|Any CPU.Build.0 = Debug|Any CPU
		{05C06B46-7A76-4EF7-933C-A64938BD6566}.Release|Any CPU.ActiveCfg = Release|Any CPU
		{05C06B46-7A76-4EF7-933C-A64938BD6566}.Release|Any CPU.Build.0 = Release|Any CPU
	EndGlobalSection
	GlobalSection(SolutionProperties) = preSolution
		HideSolutionNode = FALSE
	EndGlobalSection
	GlobalSection(NestedProjects) = preSolution
		{05C06B46-7A76-4EF7-933C-A64938BD6566} = {E7BEF4B5-1839-40A0-B0A9-21557686BBBA}
	EndGlobalSection
	GlobalSection(ExtensibilityGlobals) = postSolution
		SolutionGuid = {9BDBCCCF-232E-4187-A55B-004A38B86290}
	EndGlobalSection
EndGlobal
